PODS:
  - Alamofire (4.7.3)
  - Charts (3.1.1):
    - Charts/Core (= 3.1.1)
  - Charts/Core (3.1.1)
  - CorePlot (2.2)
  - Differentiator (3.0.2)
  - GoogleMaps (2.7.0):
    - GoogleMaps/Maps (= 2.7.0)
  - GoogleMaps/Base (2.7.0)
  - GoogleMaps/Maps (2.7.0):
    - GoogleMaps/Base
  - HockeySDK (5.1.2):
    - HockeySDK/DefaultLib (= 5.1.2)
  - HockeySDK/DefaultLib (5.1.2)
  - KUIPopOver (1.0.4)
  - McPicker (1.0.0)
  - PKHUD (5.1.0)
  - ReachabilitySwift (4.2.1)
  - RxCocoa (4.2.0):
    - RxSwift (~> 4.0)
  - RxDataSources (3.0.2):
    - Differentiator (~> 3.0)
    - RxCocoa (~> 4.0)
    - RxSwift (~> 4.0)
  - RxSwift (4.2.0)
  - Socket.IO-Client-Swift (13.1.3):
    - Starscream (~> 3.0.2)
  - Spruce (2.0.0)
  - SRCountdownTimer (1.1)
  - Starscream (3.0.5)
  - SwiftCharts (0.6.1)
  - SwiftLocation (3.2.3):
    - SwiftyJSON (~> 4.0.0-alpha.1)
  - SwiftMessages (5.0.1):
    - SwiftMessages/App (= 5.0.1)
  - SwiftMessages/App (5.0.1)
  - SwiftyJSON (4.0.0)
  - SwiftySound (1.0.0)
  - SwipeCellKit (2.4.3)

DEPENDENCIES:
  - Alamofire
  - Charts
  - CorePlot (~> 2.2)
  - GoogleMaps
  - HockeySDK (~> 5.1.1)
  - KUIPopOver
  - McPicker
  - PKHUD
  - ReachabilitySwift
  - RxCocoa (~> 4.0)
  - RxDataSources (~> 3.0)
  - RxSwift (~> 4.0)
  - Socket.IO-Client-Swift (~> 13.1.0)
  - Spruce
  - SRCountdownTimer
  - SwiftCharts (~> 0.6.1)
  - SwiftLocation
  - SwiftMessages
  - SwiftyJSON
  - SwiftySound
  - SwipeCellKit

SPEC REPOS:
  https://github.com/cocoapods/specs.git:
    - Alamofire
    - Charts
    - CorePlot
    - Differentiator
    - GoogleMaps
    - HockeySDK
    - KUIPopOver
    - McPicker
    - PKHUD
    - ReachabilitySwift
    - RxCocoa
    - RxDataSources
    - RxSwift
    - Socket.IO-Client-Swift
    - Spruce
    - SRCountdownTimer
    - Starscream
    - SwiftCharts
    - SwiftLocation
    - SwiftMessages
    - SwiftyJSON
    - SwiftySound
    - SwipeCellKit

SPEC CHECKSUMS:
  Alamofire: c7287b6e5d7da964a70935e5db17046b7fde6568
  Charts: 90a4d61da0f6e06684c591e3bcab11940fe61736
  CorePlot: cbe0c6e14220705e32e06a89c7d6a5a908b7d7d8
  Differentiator: a87be69eba49ec4ab460c7671143ee3a9eececfd
  GoogleMaps: f79af95cb24d869457b1f961c93d3ce8b2f3b848
  HockeySDK: 38b7e2726af1ea86ae97ce4b5de33ab0817e3500
  KUIPopOver: 1002fb1ab2460ac4db2bafe4f01f0c28fca806d2
  McPicker: 130183cd3d22fc6933ea9e63c5a0d0d1becc0122
  PKHUD: 62ea46a1e88c4def1da784878d199bb54c841e3c
  ReachabilitySwift: 35720ffea59c1c76d15f885be77fd33e33985427
  RxCocoa: 0b54909c902e1e581212a03e690bbd94032d8baa
  RxDataSources: cb7c31e652a87ebb919da45f716bbb87b3765f6b
  RxSwift: 99e10317ddfcc7fbe01356aafd118fde4a0be104
  Socket.IO-Client-Swift: d30d6fd08a38ad2a182b090936a043bf512ab2de
  Spruce: 0932495938ccc0b75add674a99bc46c9d0e39111
  SRCountdownTimer: 9c92e444b5403c92f01dd6610299b8c634bc8562
  Starscream: faf918b2f2eff7d5dd21180646bf015a669673bd
  SwiftCharts: 77378d6cf667e95f9c79a745b6778e66eed5339c
  SwiftLocation: a3c3bc2023118171ef3572188a31def94aa0892c
  SwiftMessages: 32ce3cfc8388b41aae56ff4853cc752a20101147
  SwiftyJSON: 070dabdcb1beb81b247c65ffa3a79dbbfb3b48aa
  SwiftySound: b9c3370956fd4ed65ed79d45563070077a50a2cd
  SwipeCellKit: cee9906e6d3a36e22ad1a852fba7f8fa0839d113

PODFILE CHECKSUM: 1cb3499e3b00bc9b3fc554d53865487f940c6025

COCOAPODS: 1.5.3
